
Microsoft Visual Studio Solution File, Format Version 12.00
# Visual Studio 2013
VisualStudioVersion = 12.0.21005.1
MinimumVisualStudioVersion = 10.0.40219.1
Project("{FAE04EC0-301F-11D3-BF4B-00C04F79EFBC}") = "MvcOA.UI", "MvcOA.UI\MvcOA.UI.csproj", "{B0033F3E-25F3-4C9C-B421-665E691A2E12}"
EndProject
Project("{FAE04EC0-301F-11D3-BF4B-00C04F79EFBC}") = "MvcOA.Model", "MvcOA.Model\MvcOA.Model.csproj", "{F62C2C39-5AB6-4E16-96BA-D7484DA47682}"
EndProject
Project("{FAE04EC0-301F-11D3-BF4B-00C04F79EFBC}") = "MvcOA.IBLL", "MvcOA.IBLL\MvcOA.IBLL.csproj", "{49BF2EF7-A0A5-45A6-8A3F-6FC364B0DD22}"
EndProject
Project("{FAE04EC0-301F-11D3-BF4B-00C04F79EFBC}") = "MvcOA.BLL", "MvcOA.BLL\MvcOA.BLL.csproj", "{5D9432CD-8D2E-4CE9-AD8A-A1D47FB0F98D}"
EndProject
Project("{FAE04EC0-301F-11D3-BF4B-00C04F79EFBC}") = "MvcOA.Common", "MvcOA.Common\MvcOA.Common.csproj", "{C41270E6-6311-4AAE-9442-44433AEB7847}"
EndProject
Project("{FAE04EC0-301F-11D3-BF4B-00C04F79EFBC}") = "MvcOA.DAL", "MvcOA.DAL\MvcOA.DAL.csproj", "{D68EDF53-EDE5-402D-8E5C-917ED73F0C5F}"
EndProject
Project("{FAE04EC0-301F-11D3-BF4B-00C04F79EFBC}") = "MvcOA.IDAL", "MvcOA.IDAL\MvcOA.IDAL.csproj", "{B7366552-5D00-4623-A7AB-78E05A0C0211}"
EndProject
Project("{2150E333-8FDC-42A3-9474-1A3956D46DE8}") = "BLL", "BLL", "{6D90A6EB-5512-4F79-AC3A-3F99C600939F}"
EndProject
Project("{2150E333-8FDC-42A3-9474-1A3956D46DE8}") = "DAL", "DAL", "{1D0C28AD-82BC-4BD9-8BD7-D548AE07ECB5}"
EndProject
Global
	GlobalSection(SolutionConfigurationPlatforms) = preSolution
		Debug|Any CPU = Debug|Any CPU
		Release|Any CPU = Release|Any CPU
	EndGlobalSection
	GlobalSection(ProjectConfigurationPlatforms) = postSolution
		{B0033F3E-25F3-4C9C-B421-665E691A2E12}.Debug|Any CPU.ActiveCfg = Debug|Any CPU
		{B0033F3E-25F3-4C9C-B421-665E691A2E12}.Debug|Any CPU.Build.0 = Debug|Any CPU
		{B0033F3E-25F3-4C9C-B421-665E691A2E12}.Release|Any CPU.ActiveCfg = Release|Any CPU
		{B0033F3E-25F3-4C9C-B421-665E691A2E12}.Release|Any CPU.Build.0 = Release|Any CPU
		{F62C2C39-5AB6-4E16-96BA-D7484DA47682}.Debug|Any CPU.ActiveCfg = Debug|Any CPU
		{F62C2C39-5AB6-4E16-96BA-D7484DA47682}.Debug|Any CPU.Build.0 = Debug|Any CPU
		{F62C2C39-5AB6-4E16-96BA-D7484DA47682}.Release|Any CPU.ActiveCfg = Release|Any CPU
		{F62C2C39-5AB6-4E16-96BA-D7484DA47682}.Release|Any CPU.Build.0 = Release|Any CPU
		{49BF2EF7-A0A5-45A6-8A3F-6FC364B0DD22}.Debug|Any CPU.ActiveCfg = Debug|Any CPU
		{49BF2EF7-A0A5-45A6-8A3F-6FC364B0DD22}.Debug|Any CPU.Build.0 = Debug|Any CPU
		{49BF2EF7-A0A5-45A6-8A3F-6FC364B0DD22}.Release|Any CPU.ActiveCfg = Release|Any CPU
		{49BF2EF7-A0A5-45A6-8A3F-6FC364B0DD22}.Release|Any CPU.Build.0 = Release|Any CPU
		{5D9432CD-8D2E-4CE9-AD8A-A1D47FB0F98D}.Debug|Any CPU.ActiveCfg = Debug|Any CPU
		{5D9432CD-8D2E-4CE9-AD8A-A1D47FB0F98D}.Debug|Any CPU.Build.0 = Debug|Any CPU
		{5D9432CD-8D2E-4CE9-AD8A-A1D47FB0F98D}.Release|Any CPU.ActiveCfg = Release|Any CPU
		{5D9432CD-8D2E-4CE9-AD8A-A1D47FB0F98D}.Release|Any CPU.Build.0 = Release|Any CPU
		{C41270E6-6311-4AAE-9442-44433AEB7847}.Debug|Any CPU.ActiveCfg = Debug|Any CPU
		{C41270E6-6311-4AAE-9442-44433AEB7847}.Debug|Any CPU.Build.0 = Debug|Any CPU
		{C41270E6-6311-4AAE-9442-44433AEB7847}.Release|Any CPU.ActiveCfg = Release|Any CPU
		{C41270E6-6311-4AAE-9442-44433AEB7847}.Release|Any CPU.Build.0 = Release|Any CPU
		{D68EDF53-EDE5-402D-8E5C-917ED73F0C5F}.Debug|Any CPU.ActiveCfg = Debug|Any CPU
		{D68EDF53-EDE5-402D-8E5C-917ED73F0C5F}.Debug|Any CPU.Build.0 = Debug|Any CPU
		{D68EDF53-EDE5-402D-8E5C-917ED73F0C5F}.Release|Any CPU.ActiveCfg = Release|Any CPU
		{D68EDF53-EDE5-402D-8E5C-917ED73F0C5F}.Release|Any CPU.Build.0 = Release|Any CPU
		{B7366552-5D00-4623-A7AB-78E05A0C0211}.Debug|Any CPU.ActiveCfg = Debug|Any CPU
		{B7366552-5D00-4623-A7AB-78E05A0C0211}.Debug|Any CPU.Build.0 = Debug|Any CPU
		{B7366552-5D00-4623-A7AB-78E05A0C0211}.Release|Any CPU.ActiveCfg = Release|Any CPU
		{B7366552-5D00-4623-A7AB-78E05A0C0211}.Release|Any CPU.Build.0 = Release|Any CPU
	EndGlobalSection
	GlobalSection(SolutionProperties) = preSolution
		HideSolutionNode = FALSE
	EndGlobalSection
	GlobalSection(NestedProjects) = preSolution
		{5D9432CD-8D2E-4CE9-AD8A-A1D47FB0F98D} = {6D90A6EB-5512-4F79-AC3A-3F99C600939F}
		{49BF2EF7-A0A5-45A6-8A3F-6FC364B0DD22} = {6D90A6EB-5512-4F79-AC3A-3F99C600939F}
		{D68EDF53-EDE5-402D-8E5C-917ED73F0C5F} = {1D0C28AD-82BC-4BD9-8BD7-D548AE07ECB5}
		{B7366552-5D00-4623-A7AB-78E05A0C0211} = {1D0C28AD-82BC-4BD9-8BD7-D548AE07ECB5}
	EndGlobalSection
EndGlobal
